// !$*UTF8*$!
{
	archiveVersion = 1;
	classes = {
	};
	objectVersion = 50;
	objects = {

/* Begin PBXBuildFile section */
		8423897C2564214C00EA809A /* AppDelegate.swift in Sources */ = {isa = PBXBuildFile; fileRef = 8423897B2564214C00EA809A /* AppDelegate.swift */; };
		8423897E2564214C00EA809A /* SceneDelegate.swift in Sources */ = {isa = PBXBuildFile; fileRef = 8423897D2564214C00EA809A /* SceneDelegate.swift */; };
		842389802564214C00EA809A /* PhotosViewController.swift in Sources */ = {isa = PBXBuildFile; fileRef = 8423897F2564214C00EA809A /* PhotosViewController.swift */; };
		842389832564214C00EA809A /* Main.storyboard in Resources */ = {isa = PBXBuildFile; fileRef = 842389812564214C00EA809A /* Main.storyboard */; };
		842389852564214D00EA809A /* Assets.xcassets in Resources */ = {isa = PBXBuildFile; fileRef = 842389842564214D00EA809A /* Assets.xcassets */; };
		842389882564214D00EA809A /* LaunchScreen.storyboard in Resources */ = {isa = PBXBuildFile; fileRef = 842389862564214D00EA809A /* LaunchScreen.storyboard */; };
		842389922564E11600EA809A /* FlickrAPI.swift in Sources */ = {isa = PBXBuildFile; fileRef = 842389912564E11600EA809A /* FlickrAPI.swift */; };
		842389952564E57400EA809A /* PhotoStore.swift in Sources */ = {isa = PBXBuildFile; fileRef = 842389942564E57400EA809A /* PhotoStore.swift */; };
		8423899D2564E9DB00EA809A /* Photo.swift in Sources */ = {isa = PBXBuildFile; fileRef = 8423899C2564E9DB00EA809A /* Photo.swift */; };
/* End PBXBuildFile section */

/* Begin PBXFileReference section */
		842389782564214C00EA809A /* Photorama.app */ = {isa = PBXFileReference; explicitFileType = wrapper.application; includeInIndex = 0; path = Photorama.app; sourceTree = BUILT_PRODUCTS_DIR; };
		8423897B2564214C00EA809A /* AppDelegate.swift */ = {isa = PBXFileReference; lastKnownFileType = sourcecode.swift; path = AppDelegate.swift; sourceTree = "<group>"; };
		8423897D2564214C00EA809A /* SceneDelegate.swift */ = {isa = PBXFileReference; lastKnownFileType = sourcecode.swift; path = SceneDelegate.swift; sourceTree = "<group>"; };
		8423897F2564214C00EA809A /* PhotosViewController.swift */ = {isa = PBXFileReference; lastKnownFileType = sourcecode.swift; path = PhotosViewController.swift; sourceTree = "<group>"; };
		842389822564214C00EA809A /* Base */ = {isa = PBXFileReference; lastKnownFileType = file.storyboard; name = Base; path = Base.lproj/Main.storyboard; sourceTree = "<group>"; };
		842389842564214D00EA809A /* Assets.xcassets */ = {isa = PBXFileReference; lastKnownFileType = folder.assetcatalog; path = Assets.xcassets; sourceTree = "<group>"; };
		842389872564214D00EA809A /* Base */ = {isa = PBXFileReference; lastKnownFileType = file.storyboard; name = Base; path = Base.lproj/LaunchScreen.storyboard; sourceTree = "<group>"; };
		842389892564214D00EA809A /* Info.plist */ = {isa = PBXFileReference; lastKnownFileType = text.plist.xml; path = Info.plist; sourceTree = "<group>"; };
		842389912564E11600EA809A /* FlickrAPI.swift */ = {isa = PBXFileReference; lastKnownFileType = sourcecode.swift; path = FlickrAPI.swift; sourceTree = "<group>"; };
		842389942564E57400EA809A /* PhotoStore.swift */ = {isa = PBXFileReference; lastKnownFileType = sourcecode.swift; path = PhotoStore.swift; sourceTree = "<group>"; };
		8423899C2564E9DB00EA809A /* Photo.swift */ = {isa = PBXFileReference; lastKnownFileType = sourcecode.swift; path = Photo.swift; sourceTree = "<group>"; };
/* End PBXFileReference section */

/* Begin PBXFrameworksBuildPhase section */
		842389752564214C00EA809A /* Frameworks */ = {
			isa = PBXFrameworksBuildPhase;
			buildActionMask = 2147483647;
			files = (
			);
			runOnlyForDeploymentPostprocessing = 0;
		};
/* End PBXFrameworksBuildPhase section */

/* Begin PBXGroup section */
		8423896F2564214C00EA809A = {
			isa = PBXGroup;
			children = (
				8423897A2564214C00EA809A /* Photorama */,
				842389792564214C00EA809A /* Products */,
			);
			sourceTree = "<group>";
		};
		842389792564214C00EA809A /* Products */ = {
			isa = PBXGroup;
			children = (
				842389782564214C00EA809A /* Photorama.app */,
			);
			name = Products;
			sourceTree = "<group>";
		};
		8423897A2564214C00EA809A /* Photorama */ = {
			isa = PBXGroup;
			children = (
				8423899A2564E5CB00EA809A /* Model */,
				842389992564E5B300EA809A /* Controllers */,
				842389982564E5A200EA809A /* Helpers */,
				842389972564E58500EA809A /* Supporting Files */,
				842389812564214C00EA809A /* Main.storyboard */,
				842389892564214D00EA809A /* Info.plist */,
			);
			path = Photorama;
			sourceTree = "<group>";
		};
		842389972564E58500EA809A /* Supporting Files */ = {
			isa = PBXGroup;
			children = (
				8423897D2564214C00EA809A /* SceneDelegate.swift */,
				8423897B2564214C00EA809A /* AppDelegate.swift */,
				842389862564214D00EA809A /* LaunchScreen.storyboard */,
				842389842564214D00EA809A /* Assets.xcassets */,
			);
			path = "Supporting Files";
			sourceTree = "<group>";
		};
		842389982564E5A200EA809A /* Helpers */ = {
			isa = PBXGroup;
			children = (
				842389942564E57400EA809A /* PhotoStore.swift */,
				842389912564E11600EA809A /* FlickrAPI.swift */,
			);
			path = Helpers;
			sourceTree = "<group>";
		};
		842389992564E5B300EA809A /* Controllers */ = {
			isa = PBXGroup;
			children = (
				8423897F2564214C00EA809A /* PhotosViewController.swift */,
			);
			path = Controllers;
			sourceTree = "<group>";
		};
		8423899A2564E5CB00EA809A /* Model */ = {
			isa = PBXGroup;
			children = (
				8423899C2564E9DB00EA809A /* Photo.swift */,
			);
			path = Model;
			sourceTree = "<group>";
		};
/* End PBXGroup section */

/* Begin PBXNativeTarget section */
		842389772564214C00EA809A /* Photorama */ = {
			isa = PBXNativeTarget;
			buildConfigurationList = 8423898C2564214D00EA809A /* Build configuration list for PBXNativeTarget "Photorama" */;
			buildPhases = (
				842389742564214C00EA809A /* Sources */,
				842389752564214C00EA809A /* Frameworks */,
				842389762564214C00EA809A /* Resources */,
			);
			buildRules = (
			);
			dependencies = (
			);
			name = Photorama;
			productName = Photorama;
			productReference = 842389782564214C00EA809A /* Photorama.app */;
			productType = "com.apple.product-type.application";
		};
/* End PBXNativeTarget section */

/* Begin PBXProject section */
		842389702564214C00EA809A /* Project object */ = {
			isa = PBXProject;
			attributes = {
				LastSwiftUpdateCheck = 1210;
				LastUpgradeCheck = 1210;
				TargetAttributes = {
					842389772564214C00EA809A = {
						CreatedOnToolsVersion = 12.1;
					};
				};
			};
			buildConfigurationList = 842389732564214C00EA809A /* Build configuration list for PBXProject "Photorama" */;
			compatibilityVersion = "Xcode 9.3";
			developmentRegion = en;
			hasScannedForEncodings = 0;
			knownRegions = (
				en,
				Base,
			);
			mainGroup = 8423896F2564214C00EA809A;
			productRefGroup = 842389792564214C00EA809A /* Products */;
			projectDirPath = "";
			projectRoot = "";
			targets = (
				842389772564214C00EA809A /* Photorama */,
			);
		};
/* End PBXProject section */

/* Begin PBXResourcesBuildPhase section */
		842389762564214C00EA809A /* Resources */ = {
			isa = PBXResourcesBuildPhase;
			buildActionMask = 2147483647;
			files = (
				842389882564214D00EA809A /* LaunchScreen.storyboard in Resources */,
				842389852564214D00EA809A /* Assets.xcassets in Resources */,
				842389832564214C00EA809A /* Main.storyboard in Resources */,
			);
			runOnlyForDeploymentPostprocessing = 0;
		};
/* End PBXResourcesBuildPhase section */

/* Begin PBXSourcesBuildPhase section */
		842389742564214C00EA809A /* Sources */ = {
			isa = PBXSourcesBuildPhase;
			buildActionMask = 2147483647;
			files = (
				8423899D2564E9DB00EA809A /* Photo.swift in Sources */,
				842389952564E57400EA809A /* PhotoStore.swift in Sources */,
				842389802564214C00EA809A /* PhotosViewController.swift in Sources */,
				8423897C2564214C00EA809A /* AppDelegate.swift in Sources */,
				8423897E2564214C00EA809A /* SceneDelegate.swift in Sources */,
				842389922564E11600EA809A /* FlickrAPI.swift in Sources */,
			);
			runOnlyForDeploymentPostprocessing = 0;
		};
/* End PBXSourcesBuildPhase section */

/* Begin PBXVariantGroup section */
		842389812564214C00EA809A /* Main.storyboard */ = {
			isa = PBXVariantGroup;
			children = (
				842389822564214C00EA809A /* Base */,
			);
			name = Main.storyboard;
			sourceTree = "<group>";
		};
		842389862564214D00EA809A /* LaunchScreen.storyboard */ = {
			isa = PBXVariantGroup;
			children = (
				842389872564214D00EA809A /* Base */,
			);
			name = LaunchScreen.storyboard;
			sourceTree = "<group>";
		};
/* End PBXVariantGroup section */

/* Begin XCBuildConfiguration section */
		8423898A2564214D00EA809A /* Debug */ = {
			isa = XCBuildConfiguration;
			buildSettings = {
				ALWAYS_SEARCH_USER_PATHS = NO;
				CLANG_ANALYZER_NONNULL = YES;
				CLANG_ANALYZER_NUMBER_OBJECT_CONVERSION = YES_AGGRESSIVE;
				CLANG_CXX_LANGUAGE_STANDARD = "gnu++14";
				CLANG_CXX_LIBRARY = "libc++";
				CLANG_ENABLE_MODULES = YES;
				CLANG_ENABLE_OBJC_ARC = YES;
				CLANG_ENABLE_OBJC_WEAK = YES;
				CLANG_WARN_BLOCK_CAPTURE_AUTORELEASING = YES;
				CLANG_WARN_BOOL_CONVERSION = YES;
				CLANG_WARN_COMMA = YES;
				CLANG_WARN_CONSTANT_CONVERSION = YES;
				CLANG_WARN_DEPRECATED_OBJC_IMPLEMENTATIONS = YES;
				CLANG_WARN_DIRECT_OBJC_ISA_USAGE = YES_ERROR;
				CLANG_WARN_DOCUMENTATION_COMMENTS = YES;
				CLANG_WARN_EMPTY_BODY = YES;
				CLANG_WARN_ENUM_CONVERSION = YES;
				CLANG_WARN_INFINITE_RECURSION = YES;
				CLANG_WARN_INT_CONVERSION = YES;
				CLANG_WARN_NON_LITERAL_NULL_CONVERSION = YES;
				CLANG_WARN_OBJC_IMPLICIT_RETAIN_SELF = YES;
				CLANG_WARN_OBJC_LITERAL_CONVERSION = YES;
				CLANG_WARN_OBJC_ROOT_CLASS = YES_ERROR;
				CLANG_WARN_QUOTED_INCLUDE_IN_FRAMEWORK_HEADER = YES;
				CLANG_WARN_RANGE_LOOP_ANALYSIS = YES;
				CLANG_WARN_STRICT_PROTOTYPES = YES;
				CLANG_WARN_SUSPICIOUS_MOVE = YES;
				CLANG_WARN_UNGUARDED_AVAILABILITY = YES_AGGRESSIVE;
				CLANG_WARN_UNREACHABLE_CODE = YES;
				CLANG_WARN__DUPLICATE_METHOD_MATCH = YES;
				COPY_PHASE_STRIP = NO;
				DEBUG_INFORMATION_FORMAT = dwarf;
				ENABLE_STRICT_OBJC_MSGSEND = YES;
				ENABLE_TESTABILITY = YES;
				GCC_C_LANGUAGE_STANDARD = gnu11;
				GCC_DYNAMIC_NO_PIC = NO;
				GCC_NO_COMMON_BLOCKS = YES;
				GCC_OPTIMIZATION_LEVEL = 0;
				GCC_PREPROCESSOR_DEFINITIONS = (
					"DEBUG=1",
					"$(inherited)",
				);
				GCC_WARN_64_TO_32_BIT_CONVERSION = YES;
				GCC_WARN_ABOUT_RETURN_TYPE = YES_ERROR;
				GCC_WARN_UNDECLARED_SELECTOR = YES;
				GCC_WARN_UNINITIALIZED_AUTOS = YES_AGGRESSIVE;
				GCC_WARN_UNUSED_FUNCTION = YES;
				GCC_WARN_UNUSED_VARIABLE = YES;
				IPHONEOS_DEPLOYMENT_TARGET = 14.1;
				MTL_ENABLE_DEBUG_INFO = INCLUDE_SOURCE;
				MTL_FAST_MATH = YES;
				ONLY_ACTIVE_ARCH = YES;
				SDKROOT = iphoneos;
				SWIFT_ACTIVE_COMPILATION_CONDITIONS = DEBUG;
				SWIFT_OPTIMIZATION_LEVEL = "-Onone";
			};
			name = Debug;
		};
		8423898B2564214D00EA809A /* Release */ = {
			isa = XCBuildConfiguration;
			buildSettings = {
				ALWAYS_SEARCH_USER_PATHS = NO;
				CLANG_ANALYZER_NONNULL = YES;
				CLANG_ANALYZER_NUMBER_OBJECT_CONVERSION = YES_AGGRESSIVE;
				CLANG_CXX_LANGUAGE_STANDARD = "gnu++14";
				CLANG_CXX_LIBRARY = "libc++";
				CLANG_ENABLE_MODULES = YES;
				CLANG_ENABLE_OBJC_ARC = YES;
				CLANG_ENABLE_OBJC_WEAK = YES;
				CLANG_WARN_BLOCK_CAPTURE_AUTORELEASING = YES;
				CLANG_WARN_BOOL_CONVERSION = YES;
				CLANG_WARN_COMMA = YES;
				CLANG_WARN_CONSTANT_CONVERSION = YES;
				CLANG_WARN_DEPRECATED_OBJC_IMPLEMENTATIONS = YES;
				CLANG_WARN_DIRECT_OBJC_ISA_USAGE = YES_ERROR;
				CLANG_WARN_DOCUMENTATION_COMMENTS = YES;
				CLANG_WARN_EMPTY_BODY = YES;
				CLANG_WARN_ENUM_CONVERSION = YES;
				CLANG_WARN_INFINITE_RECURSION = YES;
				CLANG_WARN_INT_CONVERSION = YES;
				CLANG_WARN_NON_LITERAL_NULL_CONVERSION = YES;
				CLANG_WARN_OBJC_IMPLICIT_RETAIN_SELF = YES;
				CLANG_WARN_OBJC_LITERAL_CONVERSION = YES;
				CLANG_WARN_OBJC_ROOT_CLASS = YES_ERROR;
				CLANG_WARN_QUOTED_INCLUDE_IN_FRAMEWORK_HEADER = YES;
				CLANG_WARN_RANGE_LOOP_ANALYSIS = YES;
				CLANG_WARN_STRICT_PROTOTYPES = YES;
				CLANG_WARN_SUSPICIOUS_MOVE = YES;
				CLANG_WARN_UNGUARDED_AVAILABILITY = YES_AGGRESSIVE;
				CLANG_WARN_UNREACHABLE_CODE = YES;
				CLANG_WARN__DUPLICATE_METHOD_MATCH = YES;
				COPY_PHASE_STRIP = NO;
				DEBUG_INFORMATION_FORMAT = "dwarf-with-dsym";
				ENABLE_NS_ASSERTIONS = NO;
				ENABLE_STRICT_OBJC_MSGSEND = YES;
				GCC_C_LANGUAGE_STANDARD = gnu11;
				GCC_NO_COMMON_BLOCKS = YES;
				GCC_WARN_64_TO_32_BIT_CONVERSION = YES;
				GCC_WARN_ABOUT_RETURN_TYPE = YES_ERROR;
				GCC_WARN_UNDECLARED_SELECTOR = YES;
				GCC_WARN_UNINITIALIZED_AUTOS = YES_AGGRESSIVE;
				GCC_WARN_UNUSED_FUNCTION = YES;
				GCC_WARN_UNUSED_VARIABLE = YES;
				IPHONEOS_DEPLOYMENT_TARGET = 14.1;
				MTL_ENABLE_DEBUG_INFO = NO;
				MTL_FAST_MATH = YES;
				SDKROOT = iphoneos;
				SWIFT_COMPILATION_MODE = wholemodule;
				SWIFT_OPTIMIZATION_LEVEL = "-O";
				VALIDATE_PRODUCT = YES;
			};
			name = Release;
		};
		8423898D2564214D00EA809A /* Debug */ = {
			isa = XCBuildConfiguration;
			buildSettings = {
				ASSETCATALOG_COMPILER_APPICON_NAME = AppIcon;
				ASSETCATALOG_COMPILER_GLOBAL_ACCENT_COLOR_NAME = AccentColor;
				CODE_SIGN_STYLE = Automatic;
				DEVELOPMENT_TEAM = 34Y9TWJX9G;
				INFOPLIST_FILE = Photorama/Info.plist;
				LD_RUNPATH_SEARCH_PATHS = (
					"$(inherited)",
					"@executable_path/Frameworks",
				);
				PRODUCT_BUNDLE_IDENTIFIER = com.ruasvivien.Photorama;
				PRODUCT_NAME = "$(TARGET_NAME)";
				SWIFT_VERSION = 5.0;
				TARGETED_DEVICE_FAMILY = "1,2";
			};
			name = Debug;
		};
		8423898E2564214D00EA809A /* Release */ = {
			isa = XCBuildConfiguration;
			buildSettings = {
				ASSETCATALOG_COMPILER_APPICON_NAME = AppIcon;
				ASSETCATALOG_COMPILER_GLOBAL_ACCENT_COLOR_NAME = AccentColor;
				CODE_SIGN_STYLE = Automatic;
				DEVELOPMENT_TEAM = 34Y9TWJX9G;
				INFOPLIST_FILE = Photorama/Info.plist;
				LD_RUNPATH_SEARCH_PATHS = (
					"$(inherited)",
					"@executable_path/Frameworks",
				);
				PRODUCT_BUNDLE_IDENTIFIER = com.ruasvivien.Photorama;
				PRODUCT_NAME = "$(TARGET_NAME)";
				SWIFT_VERSION = 5.0;
				TARGETED_DEVICE_FAMILY = "1,2";
			};
			name = Release;
		};
/* End XCBuildConfiguration section */

/* Begin XCConfigurationList section */
		842389732564214C00EA809A /* Build configuration list for PBXProject "Photorama" */ = {
			isa = XCConfigurationList;
			buildConfigurations = (
				8423898A2564214D00EA809A /* Debug */,
				8423898B2564214D00EA809A /* Release */,
			);
			defaultConfigurationIsVisible = 0;
			defaultConfigurationName = Release;
		};
		8423898C2564214D00EA809A /* Build configuration list for PBXNativeTarget "Photorama" */ = {
			isa = XCConfigurationList;
			buildConfigurations = (
				8423898D2564214D00EA809A /* Debug */,
				8423898E2564214D00EA809A /* Release */,
			);
			defaultConfigurationIsVisible = 0;
			defaultConfigurationName = Release;
		};
/* End XCConfigurationList section */
	};
	rootObject = 842389702564214C00EA809A /* Project object */;
}
